
Microsoft Visual Studio Solution File, Format Version 12.00
# Visual Studio Version 16
VisualStudioVersion = 16.0.34031.81
MinimumVisualStudioVersion = 10.0.40219.1
Project("{FAE04EC0-301F-11D3-BF4B-00C04F79EFBC}") = "TangTanBao_THI_ASP", "TangTanBao_THI_ASP.csproj", "{494C1898-B7B3-4427-B8B1-38472B599930}"
EndProject
Global
	GlobalSection(SolutionConfigurationPlatforms) = preSolution
		Debug|Any CPU = Debug|Any CPU
		Release|Any CPU = Release|Any CPU
	EndGlobalSection
	GlobalSection(ProjectConfigurationPlatforms) = postSolution
		{494C1898-B7B3-4427-B8B1-38472B599930}.Debug|Any CPU.ActiveCfg = Debug|Any CPU
		{494C1898-B7B3-4427-B8B1-38472B599930}.Debug|Any CPU.Build.0 = Debug|Any CPU
		{494C1898-B7B3-4427-B8B1-38472B599930}.Release|Any CPU.ActiveCfg = Release|Any CPU
		{494C1898-B7B3-4427-B8B1-38472B599930}.Release|Any CPU.Build.0 = Release|Any CPU
	EndGlobalSection
	GlobalSection(SolutionProperties) = preSolution
		HideSolutionNode = FALSE
	EndGlobalSection
	GlobalSection(ExtensibilityGlobals) = postSolution
		SolutionGuid = {55FE1051-6063-4060-94C6-C9FBF11F86E6}
	EndGlobalSection
EndGlobal
